# This file was autogenerated by Stack.
# You should not edit this file by hand.
# For more information, please see the documentation at:
#   https://docs.haskellstack.org/en/stable/lock_files

packages:
- completed:
    size: 68833
    url: https://github.com/PLSysSec/haskell-z3/archive/7f8765bd127d9883e56d6fe69bd4824ecf0083e4.tar.gz
    cabal-file:
      size: 4116
      sha256: 980e6e2d63104c25a8660c2f50c6dda760a9c600cc001c9179d618ceb1cf7850
    name: z3
    version: '408.0'
    sha256: 0d9d20b154e2b331ae1d29fe94d78d3b241e22e1453161eaa7b31f742be4a115
    pantry-tree:
      size: 1525
      sha256: d8e75857f2c2ce1596755dd2168b324cd576bddbfb4debc3dd6e2d3e9d906b71
  original:
    url: https://github.com/PLSysSec/haskell-z3/archive/7f8765bd127d9883e56d6fe69bd4824ecf0083e4.tar.gz
snapshots:
- completed:
    size: 524127
    url: https://raw.githubusercontent.com/commercialhaskell/stackage-snapshots/master/lts/14/6.yaml
    sha256: dc70dfb45e2c32f54719819bd055f46855dd4b3bd2e58b9f3f38729a2d553fbb
  original: lts-14.6
