# This file was autogenerated by Stack.
# You should not edit this file by hand.
# For more information, please see the documentation at:
#   https://docs.haskellstack.org/en/stable/lock_files

packages:
- completed:
    size: 22508
    url: https://github.com/PLSysSec/haskell-boolector/archive/bcfdf83ab57503637a6857fed933de6b39a742a4.tar.gz
    cabal-file:
      size: 3488
      sha256: 1e65a1ed3cbb77641ab980e7d6e213700f661724b05d57353ee63130c8dd35a5
    name: boolector
    version: 0.0.0.8
    sha256: f88351696543d8b31b41218da9c5f51341056d94736ccb0becc3e664240920dd
    pantry-tree:
      size: 991
      sha256: 56d129f4101223878ff54f5bb69ea0568f38e4d32281af049794932e199c58f5
  original:
    url: https://github.com/PLSysSec/haskell-boolector/archive/bcfdf83ab57503637a6857fed933de6b39a742a4.tar.gz
- completed:
    size: 68318
    url: https://github.com/PLSysSec/haskell-z3/archive/7f00b457c2e59870f5adc14e7c8617c53c0ae238.tar.gz
    cabal-file:
      size: 4116
      sha256: 980e6e2d63104c25a8660c2f50c6dda760a9c600cc001c9179d618ceb1cf7850
    name: z3
    version: '408.0'
    sha256: 56814e79278de81bc67afeed8c21a5e018eedacd9fbff981fd165dd49bc62591
    pantry-tree:
      size: 1525
      sha256: ee6e42f9969d42876bb9a2bed40f953cc4f62d16127f5ed3ff6d5dcf85178576
  original:
    url: https://github.com/PLSysSec/haskell-z3/archive/7f00b457c2e59870f5adc14e7c8617c53c0ae238.tar.gz
snapshots:
- completed:
    size: 524127
    url: https://raw.githubusercontent.com/commercialhaskell/stackage-snapshots/master/lts/14/6.yaml
    sha256: dc70dfb45e2c32f54719819bd055f46855dd4b3bd2e58b9f3f38729a2d553fbb
  original: lts-14.6
